// !$*UTF8*$!
{
	archiveVersion = 1;
	classes = {
	};
	objectVersion = 56;
	objects = {

/* Begin PBXBuildFile section */
		A00000000000000000000001 /* CalWallApp.swift in Sources */ = {isa = PBXBuildFile; fileRef = A00000000000000000000011 /* CalWallApp.swift */; };
		A00000000000000000000002 /* CalendarEvent.swift in Sources */ = {isa = PBXBuildFile; fileRef = A00000000000000000000012 /* CalendarEvent.swift */; };
		A00000000000000000000004 /* WallpaperService.swift in Sources */ = {isa = PBXBuildFile; fileRef = A00000000000000000000014 /* WallpaperService.swift */; };
		A00000000000000000000005 /* WallpaperRenderer.swift in Sources */ = {isa = PBXBuildFile; fileRef = A00000000000000000000015 /* WallpaperRenderer.swift */; };
		A00000000000000000000006 /* AppState.swift in Sources */ = {isa = PBXBuildFile; fileRef = A00000000000000000000016 /* AppState.swift */; };
		A00000000000000000000007 /* ContentView.swift in Sources */ = {isa = PBXBuildFile; fileRef = A00000000000000000000017 /* ContentView.swift */; };
		A00000000000000000000008 /* Assets.xcassets in Resources */ = {isa = PBXBuildFile; fileRef = A00000000000000000000018 /* Assets.xcassets */; };
		A0000000000000000000000A /* WallpaperTheme.swift in Sources */ = {isa = PBXBuildFile; fileRef = A0000000000000000000001A /* WallpaperTheme.swift */; };
		A0000000000000000000000B /* AppLocalization.swift in Sources */ = {isa = PBXBuildFile; fileRef = A0000000000000000000001B /* AppLocalization.swift */; };
		A0000000000000000000000C /* AppPreferences.swift in Sources */ = {isa = PBXBuildFile; fileRef = A0000000000000000000001C /* AppPreferences.swift */; };
		A0000000000000000000000D /* CustomScheduleItem.swift in Sources */ = {isa = PBXBuildFile; fileRef = A0000000000000000000001D /* CustomScheduleItem.swift */; };
		A0000000000000000000000E /* ScheduleDateTimeControls.swift in Sources */ = {isa = PBXBuildFile; fileRef = A0000000000000000000001E /* ScheduleDateTimeControls.swift */; };
/* End PBXBuildFile section */

/* Begin PBXFileReference section */
		A00000000000000000000009 /* CalWall.app */ = {isa = PBXFileReference; explicitFileType = wrapper.application; includeInIndex = 0; path = CalWall.app; sourceTree = BUILT_PRODUCTS_DIR; };
		A00000000000000000000011 /* CalWallApp.swift */ = {isa = PBXFileReference; lastKnownFileType = sourcecode.swift; path = CalWallApp.swift; sourceTree = "<group>"; };
		A00000000000000000000012 /* CalendarEvent.swift */ = {isa = PBXFileReference; lastKnownFileType = sourcecode.swift; path = CalendarEvent.swift; sourceTree = "<group>"; };
		A00000000000000000000014 /* WallpaperService.swift */ = {isa = PBXFileReference; lastKnownFileType = sourcecode.swift; path = WallpaperService.swift; sourceTree = "<group>"; };
		A00000000000000000000015 /* WallpaperRenderer.swift */ = {isa = PBXFileReference; lastKnownFileType = sourcecode.swift; path = WallpaperRenderer.swift; sourceTree = "<group>"; };
		A00000000000000000000016 /* AppState.swift */ = {isa = PBXFileReference; lastKnownFileType = sourcecode.swift; path = AppState.swift; sourceTree = "<group>"; };
		A00000000000000000000017 /* ContentView.swift */ = {isa = PBXFileReference; lastKnownFileType = sourcecode.swift; path = ContentView.swift; sourceTree = "<group>"; };
		A00000000000000000000018 /* Assets.xcassets */ = {isa = PBXFileReference; lastKnownFileType = folder.assetcatalog; path = Assets.xcassets; sourceTree = "<group>"; };
		A00000000000000000000019 /* Info.plist */ = {isa = PBXFileReference; lastKnownFileType = text.plist.xml; path = Info.plist; sourceTree = "<group>"; };
		A0000000000000000000001A /* WallpaperTheme.swift */ = {isa = PBXFileReference; lastKnownFileType = sourcecode.swift; path = WallpaperTheme.swift; sourceTree = "<group>"; };
		A0000000000000000000001B /* AppLocalization.swift */ = {isa = PBXFileReference; lastKnownFileType = sourcecode.swift; path = AppLocalization.swift; sourceTree = "<group>"; };
		A0000000000000000000001C /* AppPreferences.swift */ = {isa = PBXFileReference; lastKnownFileType = sourcecode.swift; path = AppPreferences.swift; sourceTree = "<group>"; };
		A0000000000000000000001D /* CustomScheduleItem.swift */ = {isa = PBXFileReference; lastKnownFileType = sourcecode.swift; path = CustomScheduleItem.swift; sourceTree = "<group>"; };
		A0000000000000000000001E /* ScheduleDateTimeControls.swift */ = {isa = PBXFileReference; lastKnownFileType = sourcecode.swift; path = ScheduleDateTimeControls.swift; sourceTree = "<group>"; };
/* End PBXFileReference section */

/* Begin PBXFrameworksBuildPhase section */
		A00000000000000000000020 /* Frameworks */ = {
			isa = PBXFrameworksBuildPhase;
			buildActionMask = 2147483647;
			files = (
			);
			runOnlyForDeploymentPostprocessing = 0;
		};
/* End PBXFrameworksBuildPhase section */

/* Begin PBXGroup section */
		A00000000000000000000021 = {
			isa = PBXGroup;
			children = (
				A00000000000000000000022 /* CalWall */,
				A00000000000000000000023 /* Products */,
			);
			sourceTree = "<group>";
		};
		A00000000000000000000022 /* CalWall */ = {
			isa = PBXGroup;
			children = (
				A00000000000000000000011 /* CalWallApp.swift */,
				A00000000000000000000016 /* AppState.swift */,
				A00000000000000000000017 /* ContentView.swift */,
				A00000000000000000000012 /* CalendarEvent.swift */,
				A00000000000000000000014 /* WallpaperService.swift */,
				A00000000000000000000015 /* WallpaperRenderer.swift */,
				A0000000000000000000001A /* WallpaperTheme.swift */,
				A0000000000000000000001B /* AppLocalization.swift */,
				A0000000000000000000001C /* AppPreferences.swift */,
				A0000000000000000000001D /* CustomScheduleItem.swift */,
				A0000000000000000000001E /* ScheduleDateTimeControls.swift */,
				A00000000000000000000018 /* Assets.xcassets */,
				A00000000000000000000019 /* Info.plist */,
			);
			path = CalWall;
			sourceTree = "<group>";
		};
		A00000000000000000000023 /* Products */ = {
			isa = PBXGroup;
			children = (
				A00000000000000000000009 /* CalWall.app */,
			);
			name = Products;
			sourceTree = "<group>";
		};
/* End PBXGroup section */

/* Begin PBXNativeTarget section */
		A00000000000000000000024 /* CalWall */ = {
			isa = PBXNativeTarget;
			buildConfigurationList = A00000000000000000000025 /* Build configuration list for PBXNativeTarget "CalWall" */;
			buildPhases = (
				A00000000000000000000026 /* Sources */,
				A00000000000000000000020 /* Frameworks */,
				A00000000000000000000027 /* Resources */,
			);
			buildRules = (
			);
			dependencies = (
			);
			name = CalWall;
			productName = CalWall;
			productReference = A00000000000000000000009 /* CalWall.app */;
			productType = "com.apple.product-type.application";
		};
/* End PBXNativeTarget section */

/* Begin PBXProject section */
		A00000000000000000000028 /* Project object */ = {
			isa = PBXProject;
			attributes = {
				BuildIndependentTargetsInParallel = 1;
				LastSwiftUpdateCheck = 1600;
				LastUpgradeCheck = 1600;
				TargetAttributes = {
					A00000000000000000000024 = {
						CreatedOnToolsVersion = 16.0;
					};
				};
			};
			buildConfigurationList = A00000000000000000000029 /* Build configuration list for PBXProject "CalWall" */;
			compatibilityVersion = "Xcode 14.0";
			developmentRegion = en;
			hasScannedForEncodings = 0;
			knownRegions = (
				en,
				Base,
			);
			mainGroup = A00000000000000000000021;
			productRefGroup = A00000000000000000000023 /* Products */;
			projectDirPath = "";
			projectRoot = "";
			targets = (
				A00000000000000000000024 /* CalWall */,
			);
		};
/* End PBXProject section */

/* Begin PBXResourcesBuildPhase section */
		A00000000000000000000027 /* Resources */ = {
			isa = PBXResourcesBuildPhase;
			buildActionMask = 2147483647;
			files = (
				A00000000000000000000008 /* Assets.xcassets in Resources */,
			);
			runOnlyForDeploymentPostprocessing = 0;
		};
/* End PBXResourcesBuildPhase section */

/* Begin PBXSourcesBuildPhase section */
		A00000000000000000000026 /* Sources */ = {
			isa = PBXSourcesBuildPhase;
			buildActionMask = 2147483647;
			files = (
				A00000000000000000000001 /* CalWallApp.swift in Sources */,
				A00000000000000000000002 /* CalendarEvent.swift in Sources */,
				A00000000000000000000004 /* WallpaperService.swift in Sources */,
				A00000000000000000000005 /* WallpaperRenderer.swift in Sources */,
				A00000000000000000000006 /* AppState.swift in Sources */,
				A00000000000000000000007 /* ContentView.swift in Sources */,
				A0000000000000000000000A /* WallpaperTheme.swift in Sources */,
				A0000000000000000000000B /* AppLocalization.swift in Sources */,
				A0000000000000000000000C /* AppPreferences.swift in Sources */,
				A0000000000000000000000D /* CustomScheduleItem.swift in Sources */,
				A0000000000000000000000E /* ScheduleDateTimeControls.swift in Sources */,
			);
			runOnlyForDeploymentPostprocessing = 0;
		};
/* End PBXSourcesBuildPhase section */

/* Begin XCBuildConfiguration section */
		A00000000000000000000030 /* Debug */ = {
			isa = XCBuildConfiguration;
			buildSettings = {
				ALWAYS_SEARCH_USER_PATHS = NO;
				CLANG_ANALYZER_NONNULL = YES;
				CLANG_ANALYZER_NUMBER_OBJECT_CONVERSION = YES_AGGRESSIVE;
				CLANG_CXX_LANGUAGE_STANDARD = "gnu++20";
				CLANG_ENABLE_MODULES = YES;
				CLANG_ENABLE_OBJC_ARC = YES;
				CLANG_ENABLE_OBJC_WEAK = YES;
				CLANG_WARN_BLOCK_CAPTURE_AUTORELEASING = YES;
				CLANG_WARN_BOOL_CONVERSION = YES;
				CLANG_WARN_COMMA = YES;
				CLANG_WARN_CONSTANT_CONVERSION = YES;
				CLANG_WARN_DEPRECATED_OBJC_IMPLEMENTATIONS = YES;
				CLANG_WARN_DIRECT_OBJC_ISA_USAGE = YES_ERROR;
				CLANG_WARN_DOCUMENTATION_COMMENTS = YES;
				CLANG_WARN_EMPTY_BODY = YES;
				CLANG_WARN_ENUM_CONVERSION = YES;
				CLANG_WARN_INFINITE_RECURSION = YES;
				CLANG_WARN_INT_CONVERSION = YES;
				CLANG_WARN_NON_LITERAL_NULL_CONVERSION = YES;
				CLANG_WARN_OBJC_IMPLICIT_RETAIN_SELF = YES;
				CLANG_WARN_OBJC_LITERAL_CONVERSION = YES;
				CLANG_WARN_OBJC_ROOT_CLASS = YES_ERROR;
				CLANG_WARN_QUOTED_INCLUDE_IN_FRAMEWORK_HEADER = YES;
				CLANG_WARN_RANGE_LOOP_ANALYSIS = YES;
				CLANG_WARN_STRICT_PROTOTYPES = YES;
				CLANG_WARN_SUSPICIOUS_MOVE = YES;
				CLANG_WARN_UNGUARDED_AVAILABILITY = YES_AGGRESSIVE;
				CLANG_WARN_UNREACHABLE_CODE = YES;
				CLANG_WARN__DUPLICATE_METHOD_MATCH = YES;
				COPY_PHASE_STRIP = NO;
				DEBUG_INFORMATION_FORMAT = dwarf;
				ENABLE_STRICT_OBJC_MSGSEND = YES;
				ENABLE_TESTABILITY = YES;
				GCC_C_LANGUAGE_STANDARD = gnu17;
				GCC_DYNAMIC_NO_PIC = NO;
				GCC_NO_COMMON_BLOCKS = YES;
				GCC_OPTIMIZATION_LEVEL = 0;
				GCC_PREPROCESSOR_DEFINITIONS = (
					"DEBUG=1",
					"$(inherited)",
				);
				GCC_WARN_64_TO_32_BIT_CONVERSION = YES;
				GCC_WARN_ABOUT_RETURN_TYPE = YES_ERROR;
				GCC_WARN_UNDECLARED_SELECTOR = YES;
				GCC_WARN_UNINITIALIZED_AUTOS = YES_AGGRESSIVE;
				GCC_WARN_UNUSED_FUNCTION = YES;
				GCC_WARN_UNUSED_VARIABLE = YES;
				MACOSX_DEPLOYMENT_TARGET = 14.0;
				MTL_ENABLE_DEBUG_INFO = INCLUDE_SOURCE;
				MTL_FAST_MATH = YES;
				ONLY_ACTIVE_ARCH = YES;
				SDKROOT = macosx;
				SWIFT_ACTIVE_COMPILATION_CONDITIONS = DEBUG;
				SWIFT_OPTIMIZATION_LEVEL = "-Onone";
			};
			name = Debug;
		};
		A00000000000000000000031 /* Release */ = {
			isa = XCBuildConfiguration;
			buildSettings = {
				ALWAYS_SEARCH_USER_PATHS = NO;
				CLANG_ANALYZER_NONNULL = YES;
				CLANG_ANALYZER_NUMBER_OBJECT_CONVERSION = YES_AGGRESSIVE;
				CLANG_CXX_LANGUAGE_STANDARD = "gnu++20";
				CLANG_ENABLE_MODULES = YES;
				CLANG_ENABLE_OBJC_ARC = YES;
				CLANG_ENABLE_OBJC_WEAK = YES;
				CLANG_WARN_BLOCK_CAPTURE_AUTORELEASING = YES;
				CLANG_WARN_BOOL_CONVERSION = YES;
				CLANG_WARN_COMMA = YES;
				CLANG_WARN_CONSTANT_CONVERSION = YES;
				CLANG_WARN_DEPRECATED_OBJC_IMPLEMENTATIONS = YES;
				CLANG_WARN_DIRECT_OBJC_ISA_USAGE = YES_ERROR;
				CLANG_WARN_DOCUMENTATION_COMMENTS = YES;
				CLANG_WARN_EMPTY_BODY = YES;
				CLANG_WARN_ENUM_CONVERSION = YES;
				CLANG_WARN_INFINITE_RECURSION = YES;
				CLANG_WARN_INT_CONVERSION = YES;
				CLANG_WARN_NON_LITERAL_NULL_CONVERSION = YES;
				CLANG_WARN_OBJC_IMPLICIT_RETAIN_SELF = YES;
				CLANG_WARN_OBJC_LITERAL_CONVERSION = YES;
				CLANG_WARN_OBJC_ROOT_CLASS = YES_ERROR;
				CLANG_WARN_QUOTED_INCLUDE_IN_FRAMEWORK_HEADER = YES;
				CLANG_WARN_RANGE_LOOP_ANALYSIS = YES;
				CLANG_WARN_STRICT_PROTOTYPES = YES;
				CLANG_WARN_SUSPICIOUS_MOVE = YES;
				CLANG_WARN_UNGUARDED_AVAILABILITY = YES_AGGRESSIVE;
				CLANG_WARN_UNREACHABLE_CODE = YES;
				CLANG_WARN__DUPLICATE_METHOD_MATCH = YES;
				COPY_PHASE_STRIP = NO;
				DEBUG_INFORMATION_FORMAT = "dwarf-with-dsym";
				ENABLE_NS_ASSERTIONS = NO;
				ENABLE_STRICT_OBJC_MSGSEND = YES;
				GCC_C_LANGUAGE_STANDARD = gnu17;
				GCC_NO_COMMON_BLOCKS = YES;
				GCC_WARN_64_TO_32_BIT_CONVERSION = YES;
				GCC_WARN_ABOUT_RETURN_TYPE = YES_ERROR;
				GCC_WARN_UNDECLARED_SELECTOR = YES;
				GCC_WARN_UNINITIALIZED_AUTOS = YES_AGGRESSIVE;
				GCC_WARN_UNUSED_FUNCTION = YES;
				GCC_WARN_UNUSED_VARIABLE = YES;
				MACOSX_DEPLOYMENT_TARGET = 14.0;
				MTL_ENABLE_DEBUG_INFO = NO;
				MTL_FAST_MATH = YES;
				SDKROOT = macosx;
				SWIFT_COMPILATION_MODE = wholemodule;
				SWIFT_OPTIMIZATION_LEVEL = "-O";
			};
			name = Release;
		};
		A00000000000000000000032 /* Debug */ = {
			isa = XCBuildConfiguration;
			buildSettings = {
				ASSETCATALOG_COMPILER_APPICON_NAME = AppIcon;
				CODE_SIGN_STYLE = Automatic;
				CURRENT_PROJECT_VERSION = 5;
				DEVELOPMENT_TEAM = SVV52NNVT9;
				ENABLE_PREVIEWS = YES;
				GENERATE_INFOPLIST_FILE = NO;
				INFOPLIST_FILE = CalWall/Info.plist;
				INFOPLIST_KEY_LSApplicationCategoryType = "public.app-category.productivity";
				LD_RUNPATH_SEARCH_PATHS = (
					"$(inherited)",
					"@executable_path/../Frameworks",
				);
				MACOSX_DEPLOYMENT_TARGET = 14.0;
				MARKETING_VERSION = 1.1.2;
				PRODUCT_BUNDLE_IDENTIFIER = com.yeseon.CalWall;
				PRODUCT_NAME = "$(TARGET_NAME)";
				SWIFT_EMIT_LOC_STRINGS = YES;
				SWIFT_VERSION = 5.0;
			};
			name = Debug;
		};
		A00000000000000000000033 /* Release */ = {
			isa = XCBuildConfiguration;
			buildSettings = {
				ASSETCATALOG_COMPILER_APPICON_NAME = AppIcon;
				CODE_SIGN_STYLE = Automatic;
				CURRENT_PROJECT_VERSION = 5;
				DEVELOPMENT_TEAM = SVV52NNVT9;
				ENABLE_PREVIEWS = YES;
				GENERATE_INFOPLIST_FILE = NO;
				INFOPLIST_FILE = CalWall/Info.plist;
				INFOPLIST_KEY_LSApplicationCategoryType = "public.app-category.productivity";
				LD_RUNPATH_SEARCH_PATHS = (
					"$(inherited)",
					"@executable_path/../Frameworks",
				);
				MACOSX_DEPLOYMENT_TARGET = 14.0;
				MARKETING_VERSION = 1.1.2;
				PRODUCT_BUNDLE_IDENTIFIER = com.yeseon.CalWall;
				PRODUCT_NAME = "$(TARGET_NAME)";
				SWIFT_EMIT_LOC_STRINGS = YES;
				SWIFT_VERSION = 5.0;
			};
			name = Release;
		};
/* End XCBuildConfiguration section */

/* Begin XCConfigurationList section */
		A00000000000000000000025 /* Build configuration list for PBXNativeTarget "CalWall" */ = {
			isa = XCConfigurationList;
			buildConfigurations = (
				A00000000000000000000032 /* Debug */,
				A00000000000000000000033 /* Release */,
			);
			defaultConfigurationIsVisible = 0;
			defaultConfigurationName = Release;
		};
		A00000000000000000000029 /* Build configuration list for PBXProject "CalWall" */ = {
			isa = XCConfigurationList;
			buildConfigurations = (
				A00000000000000000000030 /* Debug */,
				A00000000000000000000031 /* Release */,
			);
			defaultConfigurationIsVisible = 0;
			defaultConfigurationName = Release;
		};
/* End XCConfigurationList section */
	};
	rootObject = A00000000000000000000028 /* Project object */;
}
